Microsoft Visual Studio Solution File, Format Version 12.00
# Visual Studio Version 17
VisualStudioVersion = 17.5.2.0
MinimumVisualStudioVersion = 10.0.40219.1
Project("{FAE04EC0-301F-11D3-BF4B-00C04F79EFBC}") = "AdvancedBring", "AdvancedBring.csproj", "{C905A6C1-1BE9-6AB2-F548-EC9C972C031E}"
EndProject
Global
	GlobalSection(SolutionConfigurationPlatforms) = preSolution
		Debug|Any CPU = Debug|Any CPU
		Release|Any CPU = Release|Any CPU
	EndGlobalSection
	GlobalSection(ProjectConfigurationPlatforms) = postSolution
		{C905A6C1-1BE9-6AB2-F548-EC9C972C031E}.Debug|Any CPU.ActiveCfg = Debug|Any CPU
		{C905A6C1-1BE9-6AB2-F548-EC9C972C031E}.Debug|Any CPU.Build.0 = Debug|Any CPU
		{C905A6C1-1BE9-6AB2-F548-EC9C972C031E}.Release|Any CPU.ActiveCfg = Release|Any CPU
		{C905A6C1-1BE9-6AB2-F548-EC9C972C031E}.Release|Any CPU.Build.0 = Release|Any CPU
	EndGlobalSection
	GlobalSection(SolutionProperties) = preSolution
		HideSolutionNode = FALSE
	EndGlobalSection
	GlobalSection(ExtensibilityGlobals) = postSolution
		SolutionGuid = {01428E25-8A40-489A-A7E2-93F3F2DF596F}
	EndGlobalSection
EndGlobal
